// !$*UTF8*$!
{
	archiveVersion = 1;
	classes = {
	};
	objectVersion = 50;
	objects = {

/* Begin PBXBuildFile section */
		C98C1BB824DD85C80088179C /* BookDetailsViewController.swift in Sources */ = {isa = PBXBuildFile; fileRef = C98C1BB724DD85C80088179C /* BookDetailsViewController.swift */; };
		C98C1BBB24DD9C790088179C /* BookListViewModel.swift in Sources */ = {isa = PBXBuildFile; fileRef = C98C1BBA24DD9C790088179C /* BookListViewModel.swift */; };
		C98C1BBF24DDA0C60088179C /* BookDetailsViewModel.swift in Sources */ = {isa = PBXBuildFile; fileRef = C98C1BBE24DDA0C60088179C /* BookDetailsViewModel.swift */; };
		C9B0B59024DADEA8006A612B /* AppDelegate.swift in Sources */ = {isa = PBXBuildFile; fileRef = C9B0B58F24DADEA8006A612B /* AppDelegate.swift */; };
		C9B0B59224DADEA8006A612B /* SceneDelegate.swift in Sources */ = {isa = PBXBuildFile; fileRef = C9B0B59124DADEA8006A612B /* SceneDelegate.swift */; };
		C9B0B59424DADEA8006A612B /* BookListViewController.swift in Sources */ = {isa = PBXBuildFile; fileRef = C9B0B59324DADEA8006A612B /* BookListViewController.swift */; };
		C9B0B59724DADEA8006A612B /* Main.storyboard in Resources */ = {isa = PBXBuildFile; fileRef = C9B0B59524DADEA8006A612B /* Main.storyboard */; };
		C9B0B59924DADEAA006A612B /* Assets.xcassets in Resources */ = {isa = PBXBuildFile; fileRef = C9B0B59824DADEAA006A612B /* Assets.xcassets */; };
		C9B0B59C24DADEAA006A612B /* LaunchScreen.storyboard in Resources */ = {isa = PBXBuildFile; fileRef = C9B0B59A24DADEAA006A612B /* LaunchScreen.storyboard */; };
		C9B0B5A424DAF23F006A612B /* BookTableViewCell.swift in Sources */ = {isa = PBXBuildFile; fileRef = C9B0B5A324DAF23F006A612B /* BookTableViewCell.swift */; };
		C9B0B5A624DAF7B1006A612B /* Books.swift in Sources */ = {isa = PBXBuildFile; fileRef = C9B0B5A524DAF7B1006A612B /* Books.swift */; };
/* End PBXBuildFile section */

/* Begin PBXFileReference section */
		C98C1BB724DD85C80088179C /* BookDetailsViewController.swift */ = {isa = PBXFileReference; lastKnownFileType = sourcecode.swift; path = BookDetailsViewController.swift; sourceTree = "<group>"; };
		C98C1BBA24DD9C790088179C /* BookListViewModel.swift */ = {isa = PBXFileReference; lastKnownFileType = sourcecode.swift; path = BookListViewModel.swift; sourceTree = "<group>"; };
		C98C1BBE24DDA0C60088179C /* BookDetailsViewModel.swift */ = {isa = PBXFileReference; lastKnownFileType = sourcecode.swift; path = BookDetailsViewModel.swift; sourceTree = "<group>"; };
		C9B0B58C24DADEA8006A612B /* BookStore.app */ = {isa = PBXFileReference; explicitFileType = wrapper.application; includeInIndex = 0; path = BookStore.app; sourceTree = BUILT_PRODUCTS_DIR; };
		C9B0B58F24DADEA8006A612B /* AppDelegate.swift */ = {isa = PBXFileReference; lastKnownFileType = sourcecode.swift; path = AppDelegate.swift; sourceTree = "<group>"; };
		C9B0B59124DADEA8006A612B /* SceneDelegate.swift */ = {isa = PBXFileReference; lastKnownFileType = sourcecode.swift; path = SceneDelegate.swift; sourceTree = "<group>"; };
		C9B0B59324DADEA8006A612B /* BookListViewController.swift */ = {isa = PBXFileReference; lastKnownFileType = sourcecode.swift; path = BookListViewController.swift; sourceTree = "<group>"; };
		C9B0B59624DADEA8006A612B /* Base */ = {isa = PBXFileReference; lastKnownFileType = file.storyboard; name = Base; path = Base.lproj/Main.storyboard; sourceTree = "<group>"; };
		C9B0B59824DADEAA006A612B /* Assets.xcassets */ = {isa = PBXFileReference; lastKnownFileType = folder.assetcatalog; path = Assets.xcassets; sourceTree = "<group>"; };
		C9B0B59B24DADEAA006A612B /* Base */ = {isa = PBXFileReference; lastKnownFileType = file.storyboard; name = Base; path = Base.lproj/LaunchScreen.storyboard; sourceTree = "<group>"; };
		C9B0B59D24DADEAA006A612B /* Info.plist */ = {isa = PBXFileReference; lastKnownFileType = text.plist.xml; path = Info.plist; sourceTree = "<group>"; };
		C9B0B5A324DAF23F006A612B /* BookTableViewCell.swift */ = {isa = PBXFileReference; lastKnownFileType = sourcecode.swift; path = BookTableViewCell.swift; sourceTree = "<group>"; };
		C9B0B5A524DAF7B1006A612B /* Books.swift */ = {isa = PBXFileReference; lastKnownFileType = sourcecode.swift; path = Books.swift; sourceTree = "<group>"; };
/* End PBXFileReference section */

/* Begin PBXFrameworksBuildPhase section */
		C9B0B58924DADEA8006A612B /* Frameworks */ = {
			isa = PBXFrameworksBuildPhase;
			buildActionMask = 2147483647;
			files = (
			);
			runOnlyForDeploymentPostprocessing = 0;
		};
/* End PBXFrameworksBuildPhase section */

/* Begin PBXGroup section */
		C98C1BB124DD7FE30088179C /* BookDetails */ = {
			isa = PBXGroup;
			children = (
				C98C1BB724DD85C80088179C /* BookDetailsViewController.swift */,
			);
			path = BookDetails;
			sourceTree = "<group>";
		};
		C98C1BB424DD812B0088179C /* Model */ = {
			isa = PBXGroup;
			children = (
				C9B0B5A524DAF7B1006A612B /* Books.swift */,
			);
			path = Model;
			sourceTree = "<group>";
		};
		C98C1BB924DD9C600088179C /* ViewModels */ = {
			isa = PBXGroup;
			children = (
				C98C1BBA24DD9C790088179C /* BookListViewModel.swift */,
				C98C1BBE24DDA0C60088179C /* BookDetailsViewModel.swift */,
			);
			path = ViewModels;
			sourceTree = "<group>";
		};
		C9B0B58324DADEA8006A612B = {
			isa = PBXGroup;
			children = (
				C98C1BB924DD9C600088179C /* ViewModels */,
				C98C1BB424DD812B0088179C /* Model */,
				C98C1BB124DD7FE30088179C /* BookDetails */,
				C9B0B58E24DADEA8006A612B /* BookStore */,
				C9B0B58D24DADEA8006A612B /* Products */,
			);
			sourceTree = "<group>";
		};
		C9B0B58D24DADEA8006A612B /* Products */ = {
			isa = PBXGroup;
			children = (
				C9B0B58C24DADEA8006A612B /* BookStore.app */,
			);
			name = Products;
			sourceTree = "<group>";
		};
		C9B0B58E24DADEA8006A612B /* BookStore */ = {
			isa = PBXGroup;
			children = (
				C9B0B58F24DADEA8006A612B /* AppDelegate.swift */,
				C9B0B59124DADEA8006A612B /* SceneDelegate.swift */,
				C9B0B59324DADEA8006A612B /* BookListViewController.swift */,
				C9B0B59524DADEA8006A612B /* Main.storyboard */,
				C9B0B59824DADEAA006A612B /* Assets.xcassets */,
				C9B0B59A24DADEAA006A612B /* LaunchScreen.storyboard */,
				C9B0B59D24DADEAA006A612B /* Info.plist */,
				C9B0B5A324DAF23F006A612B /* BookTableViewCell.swift */,
			);
			path = BookStore;
			sourceTree = "<group>";
		};
/* End PBXGroup section */

/* Begin PBXNativeTarget section */
		C9B0B58B24DADEA8006A612B /* BookStore */ = {
			isa = PBXNativeTarget;
			buildConfigurationList = C9B0B5A024DADEAA006A612B /* Build configuration list for PBXNativeTarget "BookStore" */;
			buildPhases = (
				C9B0B58824DADEA8006A612B /* Sources */,
				C9B0B58924DADEA8006A612B /* Frameworks */,
				C9B0B58A24DADEA8006A612B /* Resources */,
			);
			buildRules = (
			);
			dependencies = (
			);
			name = BookStore;
			productName = BookStore;
			productReference = C9B0B58C24DADEA8006A612B /* BookStore.app */;
			productType = "com.apple.product-type.application";
		};
/* End PBXNativeTarget section */

/* Begin PBXProject section */
		C9B0B58424DADEA8006A612B /* Project object */ = {
			isa = PBXProject;
			attributes = {
				LastSwiftUpdateCheck = 1140;
				LastUpgradeCheck = 1140;
				ORGANIZATIONNAME = BookStore;
				TargetAttributes = {
					C9B0B58B24DADEA8006A612B = {
						CreatedOnToolsVersion = 11.4;
					};
				};
			};
			buildConfigurationList = C9B0B58724DADEA8006A612B /* Build configuration list for PBXProject "BookStore" */;
			compatibilityVersion = "Xcode 9.3";
			developmentRegion = en;
			hasScannedForEncodings = 0;
			knownRegions = (
				en,
				Base,
			);
			mainGroup = C9B0B58324DADEA8006A612B;
			productRefGroup = C9B0B58D24DADEA8006A612B /* Products */;
			projectDirPath = "";
			projectRoot = "";
			targets = (
				C9B0B58B24DADEA8006A612B /* BookStore */,
			);
		};
/* End PBXProject section */

/* Begin PBXResourcesBuildPhase section */
		C9B0B58A24DADEA8006A612B /* Resources */ = {
			isa = PBXResourcesBuildPhase;
			buildActionMask = 2147483647;
			files = (
				C9B0B59C24DADEAA006A612B /* LaunchScreen.storyboard in Resources */,
				C9B0B59924DADEAA006A612B /* Assets.xcassets in Resources */,
				C9B0B59724DADEA8006A612B /* Main.storyboard in Resources */,
			);
			runOnlyForDeploymentPostprocessing = 0;
		};
/* End PBXResourcesBuildPhase section */

/* Begin PBXSourcesBuildPhase section */
		C9B0B58824DADEA8006A612B /* Sources */ = {
			isa = PBXSourcesBuildPhase;
			buildActionMask = 2147483647;
			files = (
				C9B0B5A424DAF23F006A612B /* BookTableViewCell.swift in Sources */,
				C9B0B59424DADEA8006A612B /* BookListViewController.swift in Sources */,
				C98C1BBF24DDA0C60088179C /* BookDetailsViewModel.swift in Sources */,
				C9B0B59024DADEA8006A612B /* AppDelegate.swift in Sources */,
				C9B0B59224DADEA8006A612B /* SceneDelegate.swift in Sources */,
				C98C1BB824DD85C80088179C /* BookDetailsViewController.swift in Sources */,
				C98C1BBB24DD9C790088179C /* BookListViewModel.swift in Sources */,
				C9B0B5A624DAF7B1006A612B /* Books.swift in Sources */,
			);
			runOnlyForDeploymentPostprocessing = 0;
		};
/* End PBXSourcesBuildPhase section */

/* Begin PBXVariantGroup section */
		C9B0B59524DADEA8006A612B /* Main.storyboard */ = {
			isa = PBXVariantGroup;
			children = (
				C9B0B59624DADEA8006A612B /* Base */,
			);
			name = Main.storyboard;
			sourceTree = "<group>";
		};
		C9B0B59A24DADEAA006A612B /* LaunchScreen.storyboard */ = {
			isa = PBXVariantGroup;
			children = (
				C9B0B59B24DADEAA006A612B /* Base */,
			);
			name = LaunchScreen.storyboard;
			sourceTree = "<group>";
		};
/* End PBXVariantGroup section */

/* Begin XCBuildConfiguration section */
		C9B0B59E24DADEAA006A612B /* Debug */ = {
			isa = XCBuildConfiguration;
			buildSettings = {
				ALWAYS_SEARCH_USER_PATHS = NO;
				CLANG_ANALYZER_NONNULL = YES;
				CLANG_ANALYZER_NUMBER_OBJECT_CONVERSION = YES_AGGRESSIVE;
				CLANG_CXX_LANGUAGE_STANDARD = "gnu++14";
				CLANG_CXX_LIBRARY = "libc++";
				CLANG_ENABLE_MODULES = YES;
				CLANG_ENABLE_OBJC_ARC = YES;
				CLANG_ENABLE_OBJC_WEAK = YES;
				CLANG_WARN_BLOCK_CAPTURE_AUTORELEASING = YES;
				CLANG_WARN_BOOL_CONVERSION = YES;
				CLANG_WARN_COMMA = YES;
				CLANG_WARN_CONSTANT_CONVERSION = YES;
				CLANG_WARN_DEPRECATED_OBJC_IMPLEMENTATIONS = YES;
				CLANG_WARN_DIRECT_OBJC_ISA_USAGE = YES_ERROR;
				CLANG_WARN_DOCUMENTATION_COMMENTS = YES;
				CLANG_WARN_EMPTY_BODY = YES;
				CLANG_WARN_ENUM_CONVERSION = YES;
				CLANG_WARN_INFINITE_RECURSION = YES;
				CLANG_WARN_INT_CONVERSION = YES;
				CLANG_WARN_NON_LITERAL_NULL_CONVERSION = YES;
				CLANG_WARN_OBJC_IMPLICIT_RETAIN_SELF = YES;
				CLANG_WARN_OBJC_LITERAL_CONVERSION = YES;
				CLANG_WARN_OBJC_ROOT_CLASS = YES_ERROR;
				CLANG_WARN_RANGE_LOOP_ANALYSIS = YES;
				CLANG_WARN_STRICT_PROTOTYPES = YES;
				CLANG_WARN_SUSPICIOUS_MOVE = YES;
				CLANG_WARN_UNGUARDED_AVAILABILITY = YES_AGGRESSIVE;
				CLANG_WARN_UNREACHABLE_CODE = YES;
				CLANG_WARN__DUPLICATE_METHOD_MATCH = YES;
				COPY_PHASE_STRIP = NO;
				DEBUG_INFORMATION_FORMAT = dwarf;
				ENABLE_STRICT_OBJC_MSGSEND = YES;
				ENABLE_TESTABILITY = YES;
				GCC_C_LANGUAGE_STANDARD = gnu11;
				GCC_DYNAMIC_NO_PIC = NO;
				GCC_NO_COMMON_BLOCKS = YES;
				GCC_OPTIMIZATION_LEVEL = 0;
				GCC_PREPROCESSOR_DEFINITIONS = (
					"DEBUG=1",
					"$(inherited)",
				);
				GCC_WARN_64_TO_32_BIT_CONVERSION = YES;
				GCC_WARN_ABOUT_RETURN_TYPE = YES_ERROR;
				GCC_WARN_UNDECLARED_SELECTOR = YES;
				GCC_WARN_UNINITIALIZED_AUTOS = YES_AGGRESSIVE;
				GCC_WARN_UNUSED_FUNCTION = YES;
				GCC_WARN_UNUSED_VARIABLE = YES;
				IPHONEOS_DEPLOYMENT_TARGET = 13.4;
				MTL_ENABLE_DEBUG_INFO = INCLUDE_SOURCE;
				MTL_FAST_MATH = YES;
				ONLY_ACTIVE_ARCH = YES;
				SDKROOT = iphoneos;
				SWIFT_ACTIVE_COMPILATION_CONDITIONS = DEBUG;
				SWIFT_OPTIMIZATION_LEVEL = "-Onone";
			};
			name = Debug;
		};
		C9B0B59F24DADEAA006A612B /* Release */ = {
			isa = XCBuildConfiguration;
			buildSettings = {
				ALWAYS_SEARCH_USER_PATHS = NO;
				CLANG_ANALYZER_NONNULL = YES;
				CLANG_ANALYZER_NUMBER_OBJECT_CONVERSION = YES_AGGRESSIVE;
				CLANG_CXX_LANGUAGE_STANDARD = "gnu++14";
				CLANG_CXX_LIBRARY = "libc++";
				CLANG_ENABLE_MODULES = YES;
				CLANG_ENABLE_OBJC_ARC = YES;
				CLANG_ENABLE_OBJC_WEAK = YES;
				CLANG_WARN_BLOCK_CAPTURE_AUTORELEASING = YES;
				CLANG_WARN_BOOL_CONVERSION = YES;
				CLANG_WARN_COMMA = YES;
				CLANG_WARN_CONSTANT_CONVERSION = YES;
				CLANG_WARN_DEPRECATED_OBJC_IMPLEMENTATIONS = YES;
				CLANG_WARN_DIRECT_OBJC_ISA_USAGE = YES_ERROR;
				CLANG_WARN_DOCUMENTATION_COMMENTS = YES;
				CLANG_WARN_EMPTY_BODY = YES;
				CLANG_WARN_ENUM_CONVERSION = YES;
				CLANG_WARN_INFINITE_RECURSION = YES;
				CLANG_WARN_INT_CONVERSION = YES;
				CLANG_WARN_NON_LITERAL_NULL_CONVERSION = YES;
				CLANG_WARN_OBJC_IMPLICIT_RETAIN_SELF = YES;
				CLANG_WARN_OBJC_LITERAL_CONVERSION = YES;
				CLANG_WARN_OBJC_ROOT_CLASS = YES_ERROR;
				CLANG_WARN_RANGE_LOOP_ANALYSIS = YES;
				CLANG_WARN_STRICT_PROTOTYPES = YES;
				CLANG_WARN_SUSPICIOUS_MOVE = YES;
				CLANG_WARN_UNGUARDED_AVAILABILITY = YES_AGGRESSIVE;
				CLANG_WARN_UNREACHABLE_CODE = YES;
				CLANG_WARN__DUPLICATE_METHOD_MATCH = YES;
				COPY_PHASE_STRIP = NO;
				DEBUG_INFORMATION_FORMAT = "dwarf-with-dsym";
				ENABLE_NS_ASSERTIONS = NO;
				ENABLE_STRICT_OBJC_MSGSEND = YES;
				GCC_C_LANGUAGE_STANDARD = gnu11;
				GCC_NO_COMMON_BLOCKS = YES;
				GCC_WARN_64_TO_32_BIT_CONVERSION = YES;
				GCC_WARN_ABOUT_RETURN_TYPE = YES_ERROR;
				GCC_WARN_UNDECLARED_SELECTOR = YES;
				GCC_WARN_UNINITIALIZED_AUTOS = YES_AGGRESSIVE;
				GCC_WARN_UNUSED_FUNCTION = YES;
				GCC_WARN_UNUSED_VARIABLE = YES;
				IPHONEOS_DEPLOYMENT_TARGET = 13.4;
				MTL_ENABLE_DEBUG_INFO = NO;
				MTL_FAST_MATH = YES;
				SDKROOT = iphoneos;
				SWIFT_COMPILATION_MODE = wholemodule;
				SWIFT_OPTIMIZATION_LEVEL = "-O";
				VALIDATE_PRODUCT = YES;
			};
			name = Release;
		};
		C9B0B5A124DADEAA006A612B /* Debug */ = {
			isa = XCBuildConfiguration;
			buildSettings = {
				ASSETCATALOG_COMPILER_APPICON_NAME = AppIcon;
				CODE_SIGN_STYLE = Automatic;
				INFOPLIST_FILE = BookStore/Info.plist;
				LD_RUNPATH_SEARCH_PATHS = (
					"$(inherited)",
					"@executable_path/Frameworks",
				);
				PRODUCT_BUNDLE_IDENTIFIER = com.Freshbooks.BookStore;
				PRODUCT_NAME = "$(TARGET_NAME)";
				SWIFT_VERSION = 5.0;
				TARGETED_DEVICE_FAMILY = "1,2";
			};
			name = Debug;
		};
		C9B0B5A224DADEAA006A612B /* Release */ = {
			isa = XCBuildConfiguration;
			buildSettings = {
				ASSETCATALOG_COMPILER_APPICON_NAME = AppIcon;
				CODE_SIGN_STYLE = Automatic;
				INFOPLIST_FILE = BookStore/Info.plist;
				LD_RUNPATH_SEARCH_PATHS = (
					"$(inherited)",
					"@executable_path/Frameworks",
				);
				PRODUCT_BUNDLE_IDENTIFIER = com.Freshbooks.BookStore;
				PRODUCT_NAME = "$(TARGET_NAME)";
				SWIFT_VERSION = 5.0;
				TARGETED_DEVICE_FAMILY = "1,2";
			};
			name = Release;
		};
/* End XCBuildConfiguration section */

/* Begin XCConfigurationList section */
		C9B0B58724DADEA8006A612B /* Build configuration list for PBXProject "BookStore" */ = {
			isa = XCConfigurationList;
			buildConfigurations = (
				C9B0B59E24DADEAA006A612B /* Debug */,
				C9B0B59F24DADEAA006A612B /* Release */,
			);
			defaultConfigurationIsVisible = 0;
			defaultConfigurationName = Release;
		};
		C9B0B5A024DADEAA006A612B /* Build configuration list for PBXNativeTarget "BookStore" */ = {
			isa = XCConfigurationList;
			buildConfigurations = (
				C9B0B5A124DADEAA006A612B /* Debug */,
				C9B0B5A224DADEAA006A612B /* Release */,
			);
			defaultConfigurationIsVisible = 0;
			defaultConfigurationName = Release;
		};
/* End XCConfigurationList section */
	};
	rootObject = C9B0B58424DADEA8006A612B /* Project object */;
}
